github.com/andrescosta/jobicolet-sdk-go v0.1.1-alpha h1:KOE64xmKYMFwY/f2vR1LvPnd/cIXi0v4E/zFlMc+zyE=
github.com/andrescosta/jobicolet-sdk-go v0.1.1-alpha/go.mod h1:LvQQPDkHwn/yVUUGj0U3g5A5BQeAtCiVhMuKePikFRE=
github.com/andrescosta/jobicolet-sdk-go v0.1.1-alpha.0.20240103164849-7e5880c1bf1a h1:D/Je7M9XEjZGy/EqYLyB32FeLiicMOPmSNektogiecQ=
github.com/andrescosta/jobicolet-sdk-go v0.1.1-alpha.0.20240103164849-7e5880c1bf1a/go.mod h1:LvQQPDkHwn/yVUUGj0U3g5A5BQeAtCiVhMuKePikFRE=
github.com/andrescosta/jobicolet-sdk-go v0.1.2-alpha h1:FNM+9H543/UbMpJFKI6Mu0ueus+5g++ELa6ZueE3Gc4=
github.com/andrescosta/jobicolet-sdk-go v0.1.2-alpha/go.mod h1:LvQQPDkHwn/yVUUGj0U3g5A5BQeAtCiVhMuKePikFRE=
